Microsoft Visual Studio Solution File, Format Version 12.00
# Visual Studio 2013
VisualStudioVersion = 12.0.30723.0
MinimumVisualStudioVersion = 10.0.40219.1
Project("{FAE04EC0-301F-11D3-BF4B-00C04F79EFBC}") = "Naiad", "Naiad\Naiad.csproj", "{A6221415-1283-4C04-8D2C-E25A857E1FE9}"
EndProject
Project("{FAE04EC0-301F-11D3-BF4B-00C04F79EFBC}") = "DifferentialDataflow", "Frameworks\DifferentialDataflow\DifferentialDataflow.csproj", "{A6BEE749-A036-4A34-80CD-689C496D1A56}"
EndProject
Project("{2150E333-8FDC-42A3-9474-1A3956D46DE8}") = "Frameworks", "Frameworks", "{F9A9EDB5-BA4A-4FC6-AC09-CD88F30795D8}"
EndProject
Project("{FAE04EC0-301F-11D3-BF4B-00C04F79EFBC}") = "Lindi", "Frameworks\Lindi\Lindi.csproj", "{BDC6546C-7BA0-472B-B260-0D596B6152E4}"
EndProject
Project("{FAE04EC0-301F-11D3-BF4B-00C04F79EFBC}") = "Examples", "Examples\Examples.csproj", "{09C7F091-4D55-4DFB-95DA-D985CB401668}"
EndProject
Project("{FAE04EC0-301F-11D3-BF4B-00C04F79EFBC}") = "AzureSupport", "Frameworks\AzureSupport\AzureSupport.csproj", "{E2347F7A-DDB2-4CCD-8A37-44202D7BBAA7}"
	ProjectSection(ProjectDependencies) = postProject
		{0DCA9543-FF9D-48D6-9748-A966DC39C35D} = {0DCA9543-FF9D-48D6-9748-A966DC39C35D}
	EndProjectSection
EndProject
Project("{FAE04EC0-301F-11D3-BF4B-00C04F79EFBC}") = "NugetSample", "NugetSample\NugetSample.csproj", "{42700533-D646-424C-BC88-CEA7C4F5D86D}"
EndProject
Project("{FAE04EC0-301F-11D3-BF4B-00C04F79EFBC}") = "AzureExamples", "AzureExamples\AzureExamples.csproj", "{160922B1-2C92-4C75-8246-DE884B5900F7}"
	ProjectSection(ProjectDependencies) = postProject
		{5A2BDFC0-DAA9-42BE-A463-FD2D4F9D424E} = {5A2BDFC0-DAA9-42BE-A463-FD2D4F9D424E}
	EndProjectSection
EndProject
Project("{2150E333-8FDC-42A3-9474-1A3956D46DE8}") = "Solution Items", "Solution Items", "{953D9EB4-5736-4CBD-BEBE-9552F6E677C5}"
	ProjectSection(SolutionItems) = preProject
		RunOnAzure.ps1 = RunOnAzure.ps1
		SharedAssemblyInfo.cs = SharedAssemblyInfo.cs
		SolutionUtils\UpdateNuGetVersions.cs = SolutionUtils\UpdateNuGetVersions.cs
	EndProjectSection
EndProject
Project("{FAE04EC0-301F-11D3-BF4B-00C04F79EFBC}") = "WorkGenerator", "Frameworks\WorkGenerator\WorkGenerator.csproj", "{EBA3D350-41EB-474C-AED9-9CFD1F809DE3}"
EndProject
Project("{FAE04EC0-301F-11D3-BF4B-00C04F79EFBC}") = "WebHdfsSupport", "Frameworks\WebHdfsSupport\WebHdfsSupport.csproj", "{5CFC93F6-68C3-45B5-92FA-43F8626EC482}"
EndProject
Project("{FAE04EC0-301F-11D3-BF4B-00C04F79EFBC}") = "Storage", "frameworks\Storage\Storage.csproj", "{0DCA9543-FF9D-48D6-9748-A966DC39C35D}"
EndProject
Project("{FAE04EC0-301F-11D3-BF4B-00C04F79EFBC}") = "HdfsSupport", "frameworks\HdfsSupport\HdfsSupport.csproj", "{66D2A00E-F889-4B2F-9C40-04A32278FB86}"
EndProject
Project("{FAE04EC0-301F-11D3-BF4B-00C04F79EFBC}") = "PageRank", "PageRank\PageRank.csproj", "{BBBAC58E-BE4A-4483-A4DF-5BF966865587}"
EndProject
Project("{FAE04EC0-301F-11D3-BF4B-00C04F79EFBC}") = "GraphLINQ", "Frameworks\GraphLINQ\GraphLINQ.csproj", "{5A2BDFC0-DAA9-42BE-A463-FD2D4F9D424E}"
EndProject
Project("{FAE04EC0-301F-11D3-BF4B-00C04F79EFBC}") = "FaultToleranceManager", "FaultToleranceManager\FaultToleranceManager.csproj", "{543A8606-16B8-49EA-B8AC-11EB1824B51C}"
EndProject
Project("{FAE04EC0-301F-11D3-BF4B-00C04F79EFBC}") = "FaultToleranceExamples", "FaultToleranceExamples\FaultToleranceExamples.csproj", "{A8454E23-D558-4508-B407-164091C68B54}"
EndProject
Global
	GlobalSection(SolutionConfigurationPlatforms) = preSolution
		Debug|Any CPU = Debug|Any CPU
		Debug|Mixed Platforms = Debug|Mixed Platforms
		Debug|x64 = Debug|x64
		Debug|x86 = Debug|x86
		MonoDebug|Any CPU = MonoDebug|Any CPU
		MonoDebug|Mixed Platforms = MonoDebug|Mixed Platforms
		MonoDebug|x64 = MonoDebug|x64
		MonoDebug|x86 = MonoDebug|x86
		MonoRelease|Any CPU = MonoRelease|Any CPU
		MonoRelease|Mixed Platforms = MonoRelease|Mixed Platforms
		MonoRelease|x64 = MonoRelease|x64
		MonoRelease|x86 = MonoRelease|x86
		Release|Any CPU = Release|Any CPU
		Release|Mixed Platforms = Release|Mixed Platforms
		Release|x64 = Release|x64
		Release|x86 = Release|x86
		Tracing|Any CPU = Tracing|Any CPU
		Tracing|Mixed Platforms = Tracing|Mixed Platforms
		Tracing|x64 = Tracing|x64
		Tracing|x86 = Tracing|x86
	EndGlobalSection
	GlobalSection(ProjectConfigurationPlatforms) = postSolution
		{A6221415-1283-4C04-8D2C-E25A857E1FE9}.Debug|Any CPU.ActiveCfg = Debug|Any CPU
		{A6221415-1283-4C04-8D2C-E25A857E1FE9}.Debug|Any CPU.Build.0 = Debug|Any CPU
		{A6221415-1283-4C04-8D2C-E25A857E1FE9}.Debug|Mixed Platforms.ActiveCfg = Debug|Any CPU
		{A6221415-1283-4C04-8D2C-E25A857E1FE9}.Debug|Mixed Platforms.Build.0 = Debug|Any CPU
		{A6221415-1283-4C04-8D2C-E25A857E1FE9}.Debug|x64.ActiveCfg = Debug|x64
		{A6221415-1283-4C04-8D2C-E25A857E1FE9}.Debug|x64.Build.0 = Debug|x64
		{A6221415-1283-4C04-8D2C-E25A857E1FE9}.Debug|x86.ActiveCfg = Debug|Any CPU
		{A6221415-1283-4C04-8D2C-E25A857E1FE9}.MonoDebug|Any CPU.ActiveCfg = Debug|Any CPU
		{A6221415-1283-4C04-8D2C-E25A857E1FE9}.MonoDebug|Any CPU.Build.0 = Debug|Any CPU
		{A6221415-1283-4C04-8D2C-E25A857E1FE9}.MonoDebug|Mixed Platforms.ActiveCfg = Debug|Any CPU
		{A6221415-1283-4C04-8D2C-E25A857E1FE9}.MonoDebug|Mixed Platforms.Build.0 = Debug|Any CPU
		{A6221415-1283-4C04-8D2C-E25A857E1FE9}.MonoDebug|x64.ActiveCfg = Debug|x64
		{A6221415-1283-4C04-8D2C-E25A857E1FE9}.MonoDebug|x64.Build.0 = Debug|x64
		{A6221415-1283-4C04-8D2C-E25A857E1FE9}.MonoDebug|x86.ActiveCfg = Debug|Any CPU
		{A6221415-1283-4C04-8D2C-E25A857E1FE9}.MonoRelease|Any CPU.ActiveCfg = Release|Any CPU
		{A6221415-1283-4C04-8D2C-E25A857E1FE9}.MonoRelease|Any CPU.Build.0 = Release|Any CPU
		{A6221415-1283-4C04-8D2C-E25A857E1FE9}.MonoRelease|Mixed Platforms.ActiveCfg = Release|Any CPU
		{A6221415-1283-4C04-8D2C-E25A857E1FE9}.MonoRelease|Mixed Platforms.Build.0 = Release|Any CPU
		{A6221415-1283-4C04-8D2C-E25A857E1FE9}.MonoRelease|x64.ActiveCfg = Release|x64
		{A6221415-1283-4C04-8D2C-E25A857E1FE9}.MonoRelease|x64.Build.0 = Release|x64
		{A6221415-1283-4C04-8D2C-E25A857E1FE9}.MonoRelease|x86.ActiveCfg = Release|Any CPU
		{A6221415-1283-4C04-8D2C-E25A857E1FE9}.Release|Any CPU.ActiveCfg = Release|Any CPU
		{A6221415-1283-4C04-8D2C-E25A857E1FE9}.Release|Any CPU.Build.0 = Release|Any CPU
		{A6221415-1283-4C04-8D2C-E25A857E1FE9}.Release|Mixed Platforms.ActiveCfg = Release|Any CPU
		{A6221415-1283-4C04-8D2C-E25A857E1FE9}.Release|Mixed Platforms.Build.0 = Release|Any CPU
		{A6221415-1283-4C04-8D2C-E25A857E1FE9}.Release|x64.ActiveCfg = Release|x64
		{A6221415-1283-4C04-8D2C-E25A857E1FE9}.Release|x64.Build.0 = Release|x64
		{A6221415-1283-4C04-8D2C-E25A857E1FE9}.Release|x86.ActiveCfg = Release|Any CPU
		{A6221415-1283-4C04-8D2C-E25A857E1FE9}.Tracing|Any CPU.ActiveCfg = Tracing|Any CPU
		{A6221415-1283-4C04-8D2C-E25A857E1FE9}.Tracing|Any CPU.Build.0 = Tracing|Any CPU
		{A6221415-1283-4C04-8D2C-E25A857E1FE9}.Tracing|Mixed Platforms.ActiveCfg = Tracing|Any CPU
		{A6221415-1283-4C04-8D2C-E25A857E1FE9}.Tracing|Mixed Platforms.Build.0 = Tracing|Any CPU
		{A6221415-1283-4C04-8D2C-E25A857E1FE9}.Tracing|x64.ActiveCfg = Tracing|x64
		{A6221415-1283-4C04-8D2C-E25A857E1FE9}.Tracing|x64.Build.0 = Tracing|x64
		{A6221415-1283-4C04-8D2C-E25A857E1FE9}.Tracing|x86.ActiveCfg = Tracing|Any CPU
		{A6BEE749-A036-4A34-80CD-689C496D1A56}.Debug|Any CPU.ActiveCfg = Debug|Any CPU
		{A6BEE749-A036-4A34-80CD-689C496D1A56}.Debug|Any CPU.Build.0 = Debug|Any CPU
		{A6BEE749-A036-4A34-80CD-689C496D1A56}.Debug|Mixed Platforms.ActiveCfg = Debug|Any CPU
		{A6BEE749-A036-4A34-80CD-689C496D1A56}.Debug|Mixed Platforms.Build.0 = Debug|Any CPU
		{A6BEE749-A036-4A34-80CD-689C496D1A56}.Debug|x64.ActiveCfg = Debug|x64
		{A6BEE749-A036-4A34-80CD-689C496D1A56}.Debug|x64.Build.0 = Debug|x64
		{A6BEE749-A036-4A34-80CD-689C496D1A56}.Debug|x86.ActiveCfg = Debug|Any CPU
		{A6BEE749-A036-4A34-80CD-689C496D1A56}.MonoDebug|Any CPU.ActiveCfg = Debug|Any CPU
		{A6BEE749-A036-4A34-80CD-689C496D1A56}.MonoDebug|Any CPU.Build.0 = Debug|Any CPU
		{A6BEE749-A036-4A34-80CD-689C496D1A56}.MonoDebug|Mixed Platforms.ActiveCfg = Debug|Any CPU
		{A6BEE749-A036-4A34-80CD-689C496D1A56}.MonoDebug|Mixed Platforms.Build.0 = Debug|Any CPU
		{A6BEE749-A036-4A34-80CD-689C496D1A56}.MonoDebug|x64.ActiveCfg = Debug|x64
		{A6BEE749-A036-4A34-80CD-689C496D1A56}.MonoDebug|x64.Build.0 = Debug|x64
		{A6BEE749-A036-4A34-80CD-689C496D1A56}.MonoDebug|x86.ActiveCfg = Debug|Any CPU
		{A6BEE749-A036-4A34-80CD-689C496D1A56}.MonoRelease|Any CPU.ActiveCfg = Release|Any CPU
		{A6BEE749-A036-4A34-80CD-689C496D1A56}.MonoRelease|Any CPU.Build.0 = Release|Any CPU
		{A6BEE749-A036-4A34-80CD-689C496D1A56}.MonoRelease|Mixed Platforms.ActiveCfg = Release|Any CPU
		{A6BEE749-A036-4A34-80CD-689C496D1A56}.MonoRelease|Mixed Platforms.Build.0 = Release|Any CPU
		{A6BEE749-A036-4A34-80CD-689C496D1A56}.MonoRelease|x64.ActiveCfg = Release|x64
		{A6BEE749-A036-4A34-80CD-689C496D1A56}.MonoRelease|x64.Build.0 = Release|x64
		{A6BEE749-A036-4A34-80CD-689C496D1A56}.MonoRelease|x86.ActiveCfg = Release|Any CPU
		{A6BEE749-A036-4A34-80CD-689C496D1A56}.Release|Any CPU.ActiveCfg = Release|Any CPU
		{A6BEE749-A036-4A34-80CD-689C496D1A56}.Release|Any CPU.Build.0 = Release|Any CPU
		{A6BEE749-A036-4A34-80CD-689C496D1A56}.Release|Mixed Platforms.ActiveCfg = Release|Any CPU
		{A6BEE749-A036-4A34-80CD-689C496D1A56}.Release|Mixed Platforms.Build.0 = Release|Any CPU
		{A6BEE749-A036-4A34-80CD-689C496D1A56}.Release|x64.ActiveCfg = Release|x64
		{A6BEE749-A036-4A34-80CD-689C496D1A56}.Release|x64.Build.0 = Release|x64
		{A6BEE749-A036-4A34-80CD-689C496D1A56}.Release|x86.ActiveCfg = Release|Any CPU
		{A6BEE749-A036-4A34-80CD-689C496D1A56}.Tracing|Any CPU.ActiveCfg = Release|Any CPU
		{A6BEE749-A036-4A34-80CD-689C496D1A56}.Tracing|Any CPU.Build.0 = Release|Any CPU
		{A6BEE749-A036-4A34-80CD-689C496D1A56}.Tracing|Mixed Platforms.ActiveCfg = Release|Any CPU
		{A6BEE749-A036-4A34-80CD-689C496D1A56}.Tracing|Mixed Platforms.Build.0 = Release|Any CPU
		{A6BEE749-A036-4A34-80CD-689C496D1A56}.Tracing|x64.ActiveCfg = Release|x64
		{A6BEE749-A036-4A34-80CD-689C496D1A56}.Tracing|x64.Build.0 = Release|x64
		{A6BEE749-A036-4A34-80CD-689C496D1A56}.Tracing|x86.ActiveCfg = Release|Any CPU
		{BDC6546C-7BA0-472B-B260-0D596B6152E4}.Debug|Any CPU.ActiveCfg = Debug|Any CPU
		{BDC6546C-7BA0-472B-B260-0D596B6152E4}.Debug|Any CPU.Build.0 = Debug|Any CPU
		{BDC6546C-7BA0-472B-B260-0D596B6152E4}.Debug|Mixed Platforms.ActiveCfg = Debug|Any CPU
		{BDC6546C-7BA0-472B-B260-0D596B6152E4}.Debug|Mixed Platforms.Build.0 = Debug|Any CPU
		{BDC6546C-7BA0-472B-B260-0D596B6152E4}.Debug|x64.ActiveCfg = Debug|x64
		{BDC6546C-7BA0-472B-B260-0D596B6152E4}.Debug|x64.Build.0 = Debug|x64
		{BDC6546C-7BA0-472B-B260-0D596B6152E4}.Debug|x86.ActiveCfg = Debug|Any CPU
		{BDC6546C-7BA0-472B-B260-0D596B6152E4}.MonoDebug|Any CPU.ActiveCfg = Debug|Any CPU
		{BDC6546C-7BA0-472B-B260-0D596B6152E4}.MonoDebug|Any CPU.Build.0 = Debug|Any CPU
		{BDC6546C-7BA0-472B-B260-0D596B6152E4}.MonoDebug|Mixed Platforms.ActiveCfg = Debug|Any CPU
		{BDC6546C-7BA0-472B-B260-0D596B6152E4}.MonoDebug|Mixed Platforms.Build.0 = Debug|Any CPU
		{BDC6546C-7BA0-472B-B260-0D596B6152E4}.MonoDebug|x64.ActiveCfg = Debug|x64
		{BDC6546C-7BA0-472B-B260-0D596B6152E4}.MonoDebug|x64.Build.0 = Debug|x64
		{BDC6546C-7BA0-472B-B260-0D596B6152E4}.MonoDebug|x86.ActiveCfg = Debug|Any CPU
		{BDC6546C-7BA0-472B-B260-0D596B6152E4}.MonoRelease|Any CPU.ActiveCfg = Release|Any CPU
		{BDC6546C-7BA0-472B-B260-0D596B6152E4}.MonoRelease|Any CPU.Build.0 = Release|Any CPU
		{BDC6546C-7BA0-472B-B260-0D596B6152E4}.MonoRelease|Mixed Platforms.ActiveCfg = Release|Any CPU
		{BDC6546C-7BA0-472B-B260-0D596B6152E4}.MonoRelease|Mixed Platforms.Build.0 = Release|Any CPU
		{BDC6546C-7BA0-472B-B260-0D596B6152E4}.MonoRelease|x64.ActiveCfg = Release|x64
		{BDC6546C-7BA0-472B-B260-0D596B6152E4}.MonoRelease|x64.Build.0 = Release|x64
		{BDC6546C-7BA0-472B-B260-0D596B6152E4}.MonoRelease|x86.ActiveCfg = Release|Any CPU
		{BDC6546C-7BA0-472B-B260-0D596B6152E4}.Release|Any CPU.ActiveCfg = Release|Any CPU
		{BDC6546C-7BA0-472B-B260-0D596B6152E4}.Release|Any CPU.Build.0 = Release|Any CPU
		{BDC6546C-7BA0-472B-B260-0D596B6152E4}.Release|Mixed Platforms.ActiveCfg = Release|Any CPU
		{BDC6546C-7BA0-472B-B260-0D596B6152E4}.Release|Mixed Platforms.Build.0 = Release|Any CPU
		{BDC6546C-7BA0-472B-B260-0D596B6152E4}.Release|x64.ActiveCfg = Release|x64
		{BDC6546C-7BA0-472B-B260-0D596B6152E4}.Release|x64.Build.0 = Release|x64
		{BDC6546C-7BA0-472B-B260-0D596B6152E4}.Release|x86.ActiveCfg = Release|Any CPU
		{BDC6546C-7BA0-472B-B260-0D596B6152E4}.Tracing|Any CPU.ActiveCfg = Release|Any CPU
		{BDC6546C-7BA0-472B-B260-0D596B6152E4}.Tracing|Any CPU.Build.0 = Release|Any CPU
		{BDC6546C-7BA0-472B-B260-0D596B6152E4}.Tracing|Mixed Platforms.ActiveCfg = Release|Any CPU
		{BDC6546C-7BA0-472B-B260-0D596B6152E4}.Tracing|Mixed Platforms.Build.0 = Release|Any CPU
		{BDC6546C-7BA0-472B-B260-0D596B6152E4}.Tracing|x64.ActiveCfg = Release|x64
		{BDC6546C-7BA0-472B-B260-0D596B6152E4}.Tracing|x64.Build.0 = Release|x64
		{BDC6546C-7BA0-472B-B260-0D596B6152E4}.Tracing|x86.ActiveCfg = Release|Any CPU
		{09C7F091-4D55-4DFB-95DA-D985CB401668}.Debug|Any CPU.ActiveCfg = Debug|Any CPU
		{09C7F091-4D55-4DFB-95DA-D985CB401668}.Debug|Any CPU.Build.0 = Debug|Any CPU
		{09C7F091-4D55-4DFB-95DA-D985CB401668}.Debug|Mixed Platforms.ActiveCfg = Debug|Any CPU
		{09C7F091-4D55-4DFB-95DA-D985CB401668}.Debug|Mixed Platforms.Build.0 = Debug|Any CPU
		{09C7F091-4D55-4DFB-95DA-D985CB401668}.Debug|x64.ActiveCfg = Debug|x64
		{09C7F091-4D55-4DFB-95DA-D985CB401668}.Debug|x64.Build.0 = Debug|x64
		{09C7F091-4D55-4DFB-95DA-D985CB401668}.Debug|x86.ActiveCfg = Debug|Any CPU
		{09C7F091-4D55-4DFB-95DA-D985CB401668}.MonoDebug|Any CPU.ActiveCfg = Debug|Any CPU
		{09C7F091-4D55-4DFB-95DA-D985CB401668}.MonoDebug|Any CPU.Build.0 = Debug|Any CPU
		{09C7F091-4D55-4DFB-95DA-D985CB401668}.MonoDebug|Mixed Platforms.ActiveCfg = Debug|Any CPU
		{09C7F091-4D55-4DFB-95DA-D985CB401668}.MonoDebug|Mixed Platforms.Build.0 = Debug|Any CPU
		{09C7F091-4D55-4DFB-95DA-D985CB401668}.MonoDebug|x64.ActiveCfg = Debug|x64
		{09C7F091-4D55-4DFB-95DA-D985CB401668}.MonoDebug|x64.Build.0 = Debug|x64
		{09C7F091-4D55-4DFB-95DA-D985CB401668}.MonoDebug|x86.ActiveCfg = Debug|Any CPU
		{09C7F091-4D55-4DFB-95DA-D985CB401668}.MonoRelease|Any CPU.ActiveCfg = Release|Any CPU
		{09C7F091-4D55-4DFB-95DA-D985CB401668}.MonoRelease|Any CPU.Build.0 = Release|Any CPU
		{09C7F091-4D55-4DFB-95DA-D985CB401668}.MonoRelease|Mixed Platforms.ActiveCfg = Release|Any CPU
		{09C7F091-4D55-4DFB-95DA-D985CB401668}.MonoRelease|Mixed Platforms.Build.0 = Release|Any CPU
		{09C7F091-4D55-4DFB-95DA-D985CB401668}.MonoRelease|x64.ActiveCfg = Release|x64
		{09C7F091-4D55-4DFB-95DA-D985CB401668}.MonoRelease|x64.Build.0 = Release|x64
		{09C7F091-4D55-4DFB-95DA-D985CB401668}.MonoRelease|x86.ActiveCfg = Release|Any CPU
		{09C7F091-4D55-4DFB-95DA-D985CB401668}.Release|Any CPU.ActiveCfg = Release|Any CPU
		{09C7F091-4D55-4DFB-95DA-D985CB401668}.Release|Any CPU.Build.0 = Release|Any CPU
		{09C7F091-4D55-4DFB-95DA-D985CB401668}.Release|Mixed Platforms.ActiveCfg = Release|Any CPU
		{09C7F091-4D55-4DFB-95DA-D985CB401668}.Release|Mixed Platforms.Build.0 = Release|Any CPU
		{09C7F091-4D55-4DFB-95DA-D985CB401668}.Release|x64.ActiveCfg = Release|x64
		{09C7F091-4D55-4DFB-95DA-D985CB401668}.Release|x64.Build.0 = Release|x64
		{09C7F091-4D55-4DFB-95DA-D985CB401668}.Release|x86.ActiveCfg = Release|Any CPU
		{09C7F091-4D55-4DFB-95DA-D985CB401668}.Tracing|Any CPU.ActiveCfg = Release|Any CPU
		{09C7F091-4D55-4DFB-95DA-D985CB401668}.Tracing|Any CPU.Build.0 = Release|Any CPU
		{09C7F091-4D55-4DFB-95DA-D985CB401668}.Tracing|Mixed Platforms.ActiveCfg = Release|Any CPU
		{09C7F091-4D55-4DFB-95DA-D985CB401668}.Tracing|Mixed Platforms.Build.0 = Release|Any CPU
		{09C7F091-4D55-4DFB-95DA-D985CB401668}.Tracing|x64.ActiveCfg = Release|x64
		{09C7F091-4D55-4DFB-95DA-D985CB401668}.Tracing|x64.Build.0 = Release|x64
		{09C7F091-4D55-4DFB-95DA-D985CB401668}.Tracing|x86.ActiveCfg = Release|Any CPU
		{E2347F7A-DDB2-4CCD-8A37-44202D7BBAA7}.Debug|Any CPU.ActiveCfg = Debug|Any CPU
		{E2347F7A-DDB2-4CCD-8A37-44202D7BBAA7}.Debug|Any CPU.Build.0 = Debug|Any CPU
		{E2347F7A-DDB2-4CCD-8A37-44202D7BBAA7}.Debug|Mixed Platforms.ActiveCfg = Debug|Any CPU
		{E2347F7A-DDB2-4CCD-8A37-44202D7BBAA7}.Debug|Mixed Platforms.Build.0 = Debug|Any CPU
		{E2347F7A-DDB2-4CCD-8A37-44202D7BBAA7}.Debug|x64.ActiveCfg = Debug|x64
		{E2347F7A-DDB2-4CCD-8A37-44202D7BBAA7}.Debug|x64.Build.0 = Debug|x64
		{E2347F7A-DDB2-4CCD-8A37-44202D7BBAA7}.Debug|x86.ActiveCfg = Debug|Any CPU
		{E2347F7A-DDB2-4CCD-8A37-44202D7BBAA7}.MonoDebug|Any CPU.ActiveCfg = Debug|Any CPU
		{E2347F7A-DDB2-4CCD-8A37-44202D7BBAA7}.MonoDebug|Any CPU.Build.0 = Debug|Any CPU
		{E2347F7A-DDB2-4CCD-8A37-44202D7BBAA7}.MonoDebug|Mixed Platforms.ActiveCfg = Debug|Any CPU
		{E2347F7A-DDB2-4CCD-8A37-44202D7BBAA7}.MonoDebug|x64.ActiveCfg = Debug|x64
		{E2347F7A-DDB2-4CCD-8A37-44202D7BBAA7}.MonoDebug|x64.Build.0 = Debug|x64
		{E2347F7A-DDB2-4CCD-8A37-44202D7BBAA7}.MonoDebug|x86.ActiveCfg = Debug|Any CPU
		{E2347F7A-DDB2-4CCD-8A37-44202D7BBAA7}.MonoRelease|Any CPU.ActiveCfg = Release|Any CPU
		{E2347F7A-DDB2-4CCD-8A37-44202D7BBAA7}.MonoRelease|Any CPU.Build.0 = Release|Any CPU
		{E2347F7A-DDB2-4CCD-8A37-44202D7BBAA7}.MonoRelease|Mixed Platforms.ActiveCfg = Release|Any CPU
		{E2347F7A-DDB2-4CCD-8A37-44202D7BBAA7}.MonoRelease|x64.ActiveCfg = Release|x64
		{E2347F7A-DDB2-4CCD-8A37-44202D7BBAA7}.MonoRelease|x64.Build.0 = Release|x64
		{E2347F7A-DDB2-4CCD-8A37-44202D7BBAA7}.MonoRelease|x86.ActiveCfg = Release|Any CPU
		{E2347F7A-DDB2-4CCD-8A37-44202D7BBAA7}.Release|Any CPU.ActiveCfg = Release|Any CPU
		{E2347F7A-DDB2-4CCD-8A37-44202D7BBAA7}.Release|Any CPU.Build.0 = Release|Any CPU
		{E2347F7A-DDB2-4CCD-8A37-44202D7BBAA7}.Release|Mixed Platforms.ActiveCfg = Release|Any CPU
		{E2347F7A-DDB2-4CCD-8A37-44202D7BBAA7}.Release|Mixed Platforms.Build.0 = Release|Any CPU
		{E2347F7A-DDB2-4CCD-8A37-44202D7BBAA7}.Release|x64.ActiveCfg = Release|x64
		{E2347F7A-DDB2-4CCD-8A37-44202D7BBAA7}.Release|x64.Build.0 = Release|x64
		{E2347F7A-DDB2-4CCD-8A37-44202D7BBAA7}.Release|x86.ActiveCfg = Release|Any CPU
		{E2347F7A-DDB2-4CCD-8A37-44202D7BBAA7}.Tracing|Any CPU.ActiveCfg = Release|Any CPU
		{E2347F7A-DDB2-4CCD-8A37-44202D7BBAA7}.Tracing|Any CPU.Build.0 = Release|Any CPU
		{E2347F7A-DDB2-4CCD-8A37-44202D7BBAA7}.Tracing|Mixed Platforms.ActiveCfg = Release|Any CPU
		{E2347F7A-DDB2-4CCD-8A37-44202D7BBAA7}.Tracing|Mixed Platforms.Build.0 = Release|Any CPU
		{E2347F7A-DDB2-4CCD-8A37-44202D7BBAA7}.Tracing|x64.ActiveCfg = Release|x64
		{E2347F7A-DDB2-4CCD-8A37-44202D7BBAA7}.Tracing|x64.Build.0 = Release|x64
		{E2347F7A-DDB2-4CCD-8A37-44202D7BBAA7}.Tracing|x86.ActiveCfg = Release|Any CPU
		{42700533-D646-424C-BC88-CEA7C4F5D86D}.Debug|Any CPU.ActiveCfg = Debug|Any CPU
		{42700533-D646-424C-BC88-CEA7C4F5D86D}.Debug|Any CPU.Build.0 = Debug|Any CPU
		{42700533-D646-424C-BC88-CEA7C4F5D86D}.Debug|Mixed Platforms.ActiveCfg = Debug|Any CPU
		{42700533-D646-424C-BC88-CEA7C4F5D86D}.Debug|Mixed Platforms.Build.0 = Debug|Any CPU
		{42700533-D646-424C-BC88-CEA7C4F5D86D}.Debug|x64.ActiveCfg = Debug|x64
		{42700533-D646-424C-BC88-CEA7C4F5D86D}.Debug|x64.Build.0 = Debug|x64
		{42700533-D646-424C-BC88-CEA7C4F5D86D}.Debug|x86.ActiveCfg = Debug|Any CPU
		{42700533-D646-424C-BC88-CEA7C4F5D86D}.MonoDebug|Any CPU.ActiveCfg = Debug|Any CPU
		{42700533-D646-424C-BC88-CEA7C4F5D86D}.MonoDebug|Any CPU.Build.0 = Debug|Any CPU
		{42700533-D646-424C-BC88-CEA7C4F5D86D}.MonoDebug|Mixed Platforms.ActiveCfg = Debug|Any CPU
		{42700533-D646-424C-BC88-CEA7C4F5D86D}.MonoDebug|x64.ActiveCfg = Debug|x64
		{42700533-D646-424C-BC88-CEA7C4F5D86D}.MonoDebug|x64.Build.0 = Debug|x64
		{42700533-D646-424C-BC88-CEA7C4F5D86D}.MonoDebug|x86.ActiveCfg = Debug|Any CPU
		{42700533-D646-424C-BC88-CEA7C4F5D86D}.MonoRelease|Any CPU.ActiveCfg = Release|Any CPU
		{42700533-D646-424C-BC88-CEA7C4F5D86D}.MonoRelease|Any CPU.Build.0 = Release|Any CPU
		{42700533-D646-424C-BC88-CEA7C4F5D86D}.MonoRelease|Mixed Platforms.ActiveCfg = Release|Any CPU
		{42700533-D646-424C-BC88-CEA7C4F5D86D}.MonoRelease|x64.ActiveCfg = Release|x64
		{42700533-D646-424C-BC88-CEA7C4F5D86D}.MonoRelease|x64.Build.0 = Release|x64
		{42700533-D646-424C-BC88-CEA7C4F5D86D}.MonoRelease|x86.ActiveCfg = Release|Any CPU
		{42700533-D646-424C-BC88-CEA7C4F5D86D}.Release|Any CPU.ActiveCfg = Release|Any CPU
		{42700533-D646-424C-BC88-CEA7C4F5D86D}.Release|Any CPU.Build.0 = Release|Any CPU
		{42700533-D646-424C-BC88-CEA7C4F5D86D}.Release|Mixed Platforms.ActiveCfg = Release|Any CPU
		{42700533-D646-424C-BC88-CEA7C4F5D86D}.Release|Mixed Platforms.Build.0 = Release|Any CPU
		{42700533-D646-424C-BC88-CEA7C4F5D86D}.Release|x64.ActiveCfg = Release|x64
		{42700533-D646-424C-BC88-CEA7C4F5D86D}.Release|x64.Build.0 = Release|x64
		{42700533-D646-424C-BC88-CEA7C4F5D86D}.Release|x86.ActiveCfg = Release|Any CPU
		{42700533-D646-424C-BC88-CEA7C4F5D86D}.Tracing|Any CPU.ActiveCfg = Release|Any CPU
		{42700533-D646-424C-BC88-CEA7C4F5D86D}.Tracing|Any CPU.Build.0 = Release|Any CPU
		{42700533-D646-424C-BC88-CEA7C4F5D86D}.Tracing|Mixed Platforms.ActiveCfg = Release|Any CPU
		{42700533-D646-424C-BC88-CEA7C4F5D86D}.Tracing|Mixed Platforms.Build.0 = Release|Any CPU
		{42700533-D646-424C-BC88-CEA7C4F5D86D}.Tracing|x64.ActiveCfg = Release|x64
		{42700533-D646-424C-BC88-CEA7C4F5D86D}.Tracing|x64.Build.0 = Release|x64
		{42700533-D646-424C-BC88-CEA7C4F5D86D}.Tracing|x86.ActiveCfg = Release|Any CPU
		{160922B1-2C92-4C75-8246-DE884B5900F7}.Debug|Any CPU.ActiveCfg = Debug|Any CPU
		{160922B1-2C92-4C75-8246-DE884B5900F7}.Debug|Any CPU.Build.0 = Debug|Any CPU
		{160922B1-2C92-4C75-8246-DE884B5900F7}.Debug|Mixed Platforms.ActiveCfg = Debug|Any CPU
		{160922B1-2C92-4C75-8246-DE884B5900F7}.Debug|Mixed Platforms.Build.0 = Debug|Any CPU
		{160922B1-2C92-4C75-8246-DE884B5900F7}.Debug|x64.ActiveCfg = Debug|x64
		{160922B1-2C92-4C75-8246-DE884B5900F7}.Debug|x64.Build.0 = Debug|x64
		{160922B1-2C92-4C75-8246-DE884B5900F7}.Debug|x86.ActiveCfg = Debug|Any CPU
		{160922B1-2C92-4C75-8246-DE884B5900F7}.MonoDebug|Any CPU.ActiveCfg = Debug|Any CPU
		{160922B1-2C92-4C75-8246-DE884B5900F7}.MonoDebug|Any CPU.Build.0 = Debug|Any CPU
		{160922B1-2C92-4C75-8246-DE884B5900F7}.MonoDebug|Mixed Platforms.ActiveCfg = Debug|Any CPU
		{160922B1-2C92-4C75-8246-DE884B5900F7}.MonoDebug|x64.ActiveCfg = Debug|x64
		{160922B1-2C92-4C75-8246-DE884B5900F7}.MonoDebug|x64.Build.0 = Debug|x64
		{160922B1-2C92-4C75-8246-DE884B5900F7}.MonoDebug|x86.ActiveCfg = Debug|Any CPU
		{160922B1-2C92-4C75-8246-DE884B5900F7}.MonoRelease|Any CPU.ActiveCfg = Release|Any CPU
		{160922B1-2C92-4C75-8246-DE884B5900F7}.MonoRelease|Any CPU.Build.0 = Release|Any CPU
		{160922B1-2C92-4C75-8246-DE884B5900F7}.MonoRelease|Mixed Platforms.ActiveCfg = Release|Any CPU
		{160922B1-2C92-4C75-8246-DE884B5900F7}.MonoRelease|x64.ActiveCfg = Release|x64
		{160922B1-2C92-4C75-8246-DE884B5900F7}.MonoRelease|x64.Build.0 = Release|x64
		{160922B1-2C92-4C75-8246-DE884B5900F7}.MonoRelease|x86.ActiveCfg = Release|Any CPU
		{160922B1-2C92-4C75-8246-DE884B5900F7}.Release|Any CPU.ActiveCfg = Release|Any CPU
		{160922B1-2C92-4C75-8246-DE884B5900F7}.Release|Any CPU.Build.0 = Release|Any CPU
		{160922B1-2C92-4C75-8246-DE884B5900F7}.Release|Mixed Platforms.ActiveCfg = Release|Any CPU
		{160922B1-2C92-4C75-8246-DE884B5900F7}.Release|Mixed Platforms.Build.0 = Release|Any CPU
		{160922B1-2C92-4C75-8246-DE884B5900F7}.Release|x64.ActiveCfg = Release|x64
		{160922B1-2C92-4C75-8246-DE884B5900F7}.Release|x64.Build.0 = Release|x64
		{160922B1-2C92-4C75-8246-DE884B5900F7}.Release|x86.ActiveCfg = Release|Any CPU
		{160922B1-2C92-4C75-8246-DE884B5900F7}.Tracing|Any CPU.ActiveCfg = Release|Any CPU
		{160922B1-2C92-4C75-8246-DE884B5900F7}.Tracing|Any CPU.Build.0 = Release|Any CPU
		{160922B1-2C92-4C75-8246-DE884B5900F7}.Tracing|Mixed Platforms.ActiveCfg = Release|Any CPU
		{160922B1-2C92-4C75-8246-DE884B5900F7}.Tracing|Mixed Platforms.Build.0 = Release|Any CPU
		{160922B1-2C92-4C75-8246-DE884B5900F7}.Tracing|x64.ActiveCfg = Release|x64
		{160922B1-2C92-4C75-8246-DE884B5900F7}.Tracing|x64.Build.0 = Release|x64
		{160922B1-2C92-4C75-8246-DE884B5900F7}.Tracing|x86.ActiveCfg = Release|Any CPU
		{EBA3D350-41EB-474C-AED9-9CFD1F809DE3}.Debug|Any CPU.ActiveCfg = Debug|Any CPU
		{EBA3D350-41EB-474C-AED9-9CFD1F809DE3}.Debug|Any CPU.Build.0 = Debug|Any CPU
		{EBA3D350-41EB-474C-AED9-9CFD1F809DE3}.Debug|Mixed Platforms.ActiveCfg = Debug|Any CPU
		{EBA3D350-41EB-474C-AED9-9CFD1F809DE3}.Debug|Mixed Platforms.Build.0 = Debug|Any CPU
		{EBA3D350-41EB-474C-AED9-9CFD1F809DE3}.Debug|x64.ActiveCfg = Debug|x64
		{EBA3D350-41EB-474C-AED9-9CFD1F809DE3}.Debug|x64.Build.0 = Debug|x64
		{EBA3D350-41EB-474C-AED9-9CFD1F809DE3}.Debug|x86.ActiveCfg = Debug|Any CPU
		{EBA3D350-41EB-474C-AED9-9CFD1F809DE3}.MonoDebug|Any CPU.ActiveCfg = Debug|Any CPU
		{EBA3D350-41EB-474C-AED9-9CFD1F809DE3}.MonoDebug|Any CPU.Build.0 = Debug|Any CPU
		{EBA3D350-41EB-474C-AED9-9CFD1F809DE3}.MonoDebug|Mixed Platforms.ActiveCfg = Debug|Any CPU
		{EBA3D350-41EB-474C-AED9-9CFD1F809DE3}.MonoDebug|Mixed Platforms.Build.0 = Debug|Any CPU
		{EBA3D350-41EB-474C-AED9-9CFD1F809DE3}.MonoDebug|x64.ActiveCfg = Debug|x64
		{EBA3D350-41EB-474C-AED9-9CFD1F809DE3}.MonoDebug|x64.Build.0 = Debug|x64
		{EBA3D350-41EB-474C-AED9-9CFD1F809DE3}.MonoDebug|x86.ActiveCfg = Debug|Any CPU
		{EBA3D350-41EB-474C-AED9-9CFD1F809DE3}.MonoRelease|Any CPU.ActiveCfg = Release|Any CPU
		{EBA3D350-41EB-474C-AED9-9CFD1F809DE3}.MonoRelease|Any CPU.Build.0 = Release|Any CPU
		{EBA3D350-41EB-474C-AED9-9CFD1F809DE3}.MonoRelease|Mixed Platforms.ActiveCfg = Release|Any CPU
		{EBA3D350-41EB-474C-AED9-9CFD1F809DE3}.MonoRelease|Mixed Platforms.Build.0 = Release|Any CPU
		{EBA3D350-41EB-474C-AED9-9CFD1F809DE3}.MonoRelease|x64.ActiveCfg = Release|x64
		{EBA3D350-41EB-474C-AED9-9CFD1F809DE3}.MonoRelease|x64.Build.0 = Release|x64
		{EBA3D350-41EB-474C-AED9-9CFD1F809DE3}.MonoRelease|x86.ActiveCfg = Release|Any CPU
		{EBA3D350-41EB-474C-AED9-9CFD1F809DE3}.Release|Any CPU.ActiveCfg = Release|Any CPU
		{EBA3D350-41EB-474C-AED9-9CFD1F809DE3}.Release|Any CPU.Build.0 = Release|Any CPU
		{EBA3D350-41EB-474C-AED9-9CFD1F809DE3}.Release|Mixed Platforms.ActiveCfg = Release|Any CPU
		{EBA3D350-41EB-474C-AED9-9CFD1F809DE3}.Release|Mixed Platforms.Build.0 = Release|Any CPU
		{EBA3D350-41EB-474C-AED9-9CFD1F809DE3}.Release|x64.ActiveCfg = Release|x64
		{EBA3D350-41EB-474C-AED9-9CFD1F809DE3}.Release|x64.Build.0 = Release|x64
		{EBA3D350-41EB-474C-AED9-9CFD1F809DE3}.Release|x86.ActiveCfg = Release|Any CPU
		{EBA3D350-41EB-474C-AED9-9CFD1F809DE3}.Tracing|Any CPU.ActiveCfg = Release|Any CPU
		{EBA3D350-41EB-474C-AED9-9CFD1F809DE3}.Tracing|Any CPU.Build.0 = Release|Any CPU
		{EBA3D350-41EB-474C-AED9-9CFD1F809DE3}.Tracing|Mixed Platforms.ActiveCfg = Release|Any CPU
		{EBA3D350-41EB-474C-AED9-9CFD1F809DE3}.Tracing|Mixed Platforms.Build.0 = Release|Any CPU
		{EBA3D350-41EB-474C-AED9-9CFD1F809DE3}.Tracing|x64.ActiveCfg = Release|x64
		{EBA3D350-41EB-474C-AED9-9CFD1F809DE3}.Tracing|x64.Build.0 = Release|x64
		{EBA3D350-41EB-474C-AED9-9CFD1F809DE3}.Tracing|x86.ActiveCfg = Release|Any CPU
		{5CFC93F6-68C3-45B5-92FA-43F8626EC482}.Debug|Any CPU.ActiveCfg = Debug|Any CPU
		{5CFC93F6-68C3-45B5-92FA-43F8626EC482}.Debug|Any CPU.Build.0 = Debug|Any CPU
		{5CFC93F6-68C3-45B5-92FA-43F8626EC482}.Debug|Mixed Platforms.ActiveCfg = Debug|Any CPU
		{5CFC93F6-68C3-45B5-92FA-43F8626EC482}.Debug|Mixed Platforms.Build.0 = Debug|Any CPU
		{5CFC93F6-68C3-45B5-92FA-43F8626EC482}.Debug|x64.ActiveCfg = Debug|x64
		{5CFC93F6-68C3-45B5-92FA-43F8626EC482}.Debug|x64.Build.0 = Debug|x64
		{5CFC93F6-68C3-45B5-92FA-43F8626EC482}.Debug|x86.ActiveCfg = Debug|Any CPU
		{5CFC93F6-68C3-45B5-92FA-43F8626EC482}.MonoDebug|Any CPU.ActiveCfg = Debug|Any CPU
		{5CFC93F6-68C3-45B5-92FA-43F8626EC482}.MonoDebug|Any CPU.Build.0 = Debug|Any CPU
		{5CFC93F6-68C3-45B5-92FA-43F8626EC482}.MonoDebug|Mixed Platforms.ActiveCfg = Debug|Any CPU
		{5CFC93F6-68C3-45B5-92FA-43F8626EC482}.MonoDebug|Mixed Platforms.Build.0 = Debug|Any CPU
		{5CFC93F6-68C3-45B5-92FA-43F8626EC482}.MonoDebug|x64.ActiveCfg = Debug|x64
		{5CFC93F6-68C3-45B5-92FA-43F8626EC482}.MonoDebug|x64.Build.0 = Debug|x64
		{5CFC93F6-68C3-45B5-92FA-43F8626EC482}.MonoDebug|x86.ActiveCfg = Debug|Any CPU
		{5CFC93F6-68C3-45B5-92FA-43F8626EC482}.MonoRelease|Any CPU.ActiveCfg = Release|Any CPU
		{5CFC93F6-68C3-45B5-92FA-43F8626EC482}.MonoRelease|Any CPU.Build.0 = Release|Any CPU
		{5CFC93F6-68C3-45B5-92FA-43F8626EC482}.MonoRelease|Mixed Platforms.ActiveCfg = Release|Any CPU
		{5CFC93F6-68C3-45B5-92FA-43F8626EC482}.MonoRelease|Mixed Platforms.Build.0 = Release|Any CPU
		{5CFC93F6-68C3-45B5-92FA-43F8626EC482}.MonoRelease|x64.ActiveCfg = Release|x64
		{5CFC93F6-68C3-45B5-92FA-43F8626EC482}.MonoRelease|x64.Build.0 = Release|x64
		{5CFC93F6-68C3-45B5-92FA-43F8626EC482}.MonoRelease|x86.ActiveCfg = Release|Any CPU
		{5CFC93F6-68C3-45B5-92FA-43F8626EC482}.Release|Any CPU.ActiveCfg = Release|Any CPU
		{5CFC93F6-68C3-45B5-92FA-43F8626EC482}.Release|Any CPU.Build.0 = Release|Any CPU
		{5CFC93F6-68C3-45B5-92FA-43F8626EC482}.Release|Mixed Platforms.ActiveCfg = Release|Any CPU
		{5CFC93F6-68C3-45B5-92FA-43F8626EC482}.Release|Mixed Platforms.Build.0 = Release|Any CPU
		{5CFC93F6-68C3-45B5-92FA-43F8626EC482}.Release|x64.ActiveCfg = Release|x64
		{5CFC93F6-68C3-45B5-92FA-43F8626EC482}.Release|x64.Build.0 = Release|x64
		{5CFC93F6-68C3-45B5-92FA-43F8626EC482}.Release|x86.ActiveCfg = Release|Any CPU
		{5CFC93F6-68C3-45B5-92FA-43F8626EC482}.Tracing|Any CPU.ActiveCfg = Release|Any CPU
		{5CFC93F6-68C3-45B5-92FA-43F8626EC482}.Tracing|Any CPU.Build.0 = Release|Any CPU
		{5CFC93F6-68C3-45B5-92FA-43F8626EC482}.Tracing|Mixed Platforms.ActiveCfg = Release|Any CPU
		{5CFC93F6-68C3-45B5-92FA-43F8626EC482}.Tracing|Mixed Platforms.Build.0 = Release|Any CPU
		{5CFC93F6-68C3-45B5-92FA-43F8626EC482}.Tracing|x64.ActiveCfg = Release|x64
		{5CFC93F6-68C3-45B5-92FA-43F8626EC482}.Tracing|x64.Build.0 = Release|x64
		{5CFC93F6-68C3-45B5-92FA-43F8626EC482}.Tracing|x86.ActiveCfg = Release|Any CPU
		{0DCA9543-FF9D-48D6-9748-A966DC39C35D}.Debug|Any CPU.ActiveCfg = Debug|Any CPU
		{0DCA9543-FF9D-48D6-9748-A966DC39C35D}.Debug|Any CPU.Build.0 = Debug|Any CPU
		{0DCA9543-FF9D-48D6-9748-A966DC39C35D}.Debug|Mixed Platforms.ActiveCfg = Debug|Any CPU
		{0DCA9543-FF9D-48D6-9748-A966DC39C35D}.Debug|Mixed Platforms.Build.0 = Debug|Any CPU
		{0DCA9543-FF9D-48D6-9748-A966DC39C35D}.Debug|x64.ActiveCfg = Debug|x64
		{0DCA9543-FF9D-48D6-9748-A966DC39C35D}.Debug|x64.Build.0 = Debug|x64
		{0DCA9543-FF9D-48D6-9748-A966DC39C35D}.Debug|x86.ActiveCfg = Debug|Any CPU
		{0DCA9543-FF9D-48D6-9748-A966DC39C35D}.MonoDebug|Any CPU.ActiveCfg = Debug|Any CPU
		{0DCA9543-FF9D-48D6-9748-A966DC39C35D}.MonoDebug|Any CPU.Build.0 = Debug|Any CPU
		{0DCA9543-FF9D-48D6-9748-A966DC39C35D}.MonoDebug|Mixed Platforms.ActiveCfg = Debug|Any CPU
		{0DCA9543-FF9D-48D6-9748-A966DC39C35D}.MonoDebug|Mixed Platforms.Build.0 = Debug|Any CPU
		{0DCA9543-FF9D-48D6-9748-A966DC39C35D}.MonoDebug|x64.ActiveCfg = Debug|x64
		{0DCA9543-FF9D-48D6-9748-A966DC39C35D}.MonoDebug|x64.Build.0 = Debug|x64
		{0DCA9543-FF9D-48D6-9748-A966DC39C35D}.MonoDebug|x86.ActiveCfg = Debug|Any CPU
		{0DCA9543-FF9D-48D6-9748-A966DC39C35D}.MonoRelease|Any CPU.ActiveCfg = Release|Any CPU
		{0DCA9543-FF9D-48D6-9748-A966DC39C35D}.MonoRelease|Any CPU.Build.0 = Release|Any CPU
		{0DCA9543-FF9D-48D6-9748-A966DC39C35D}.MonoRelease|Mixed Platforms.ActiveCfg = Release|Any CPU
		{0DCA9543-FF9D-48D6-9748-A966DC39C35D}.MonoRelease|Mixed Platforms.Build.0 = Release|Any CPU
		{0DCA9543-FF9D-48D6-9748-A966DC39C35D}.MonoRelease|x64.ActiveCfg = Release|x64
		{0DCA9543-FF9D-48D6-9748-A966DC39C35D}.MonoRelease|x64.Build.0 = Release|x64
		{0DCA9543-FF9D-48D6-9748-A966DC39C35D}.MonoRelease|x86.ActiveCfg = Release|Any CPU
		{0DCA9543-FF9D-48D6-9748-A966DC39C35D}.Release|Any CPU.ActiveCfg = Release|Any CPU
		{0DCA9543-FF9D-48D6-9748-A966DC39C35D}.Release|Any CPU.Build.0 = Release|Any CPU
		{0DCA9543-FF9D-48D6-9748-A966DC39C35D}.Release|Mixed Platforms.ActiveCfg = Release|Any CPU
		{0DCA9543-FF9D-48D6-9748-A966DC39C35D}.Release|Mixed Platforms.Build.0 = Release|Any CPU
		{0DCA9543-FF9D-48D6-9748-A966DC39C35D}.Release|x64.ActiveCfg = Release|x64
		{0DCA9543-FF9D-48D6-9748-A966DC39C35D}.Release|x64.Build.0 = Release|x64
		{0DCA9543-FF9D-48D6-9748-A966DC39C35D}.Release|x86.ActiveCfg = Release|Any CPU
		{0DCA9543-FF9D-48D6-9748-A966DC39C35D}.Tracing|Any CPU.ActiveCfg = Release|Any CPU
		{0DCA9543-FF9D-48D6-9748-A966DC39C35D}.Tracing|Any CPU.Build.0 = Release|Any CPU
		{0DCA9543-FF9D-48D6-9748-A966DC39C35D}.Tracing|Mixed Platforms.ActiveCfg = Release|Any CPU
		{0DCA9543-FF9D-48D6-9748-A966DC39C35D}.Tracing|Mixed Platforms.Build.0 = Release|Any CPU
		{0DCA9543-FF9D-48D6-9748-A966DC39C35D}.Tracing|x64.ActiveCfg = Release|x64
		{0DCA9543-FF9D-48D6-9748-A966DC39C35D}.Tracing|x64.Build.0 = Release|x64
		{0DCA9543-FF9D-48D6-9748-A966DC39C35D}.Tracing|x86.ActiveCfg = Release|Any CPU
		{66D2A00E-F889-4B2F-9C40-04A32278FB86}.Debug|Any CPU.ActiveCfg = Debug|x64
		{66D2A00E-F889-4B2F-9C40-04A32278FB86}.Debug|Mixed Platforms.ActiveCfg = Debug|x64
		{66D2A00E-F889-4B2F-9C40-04A32278FB86}.Debug|Mixed Platforms.Build.0 = Debug|x64
		{66D2A00E-F889-4B2F-9C40-04A32278FB86}.Debug|x64.ActiveCfg = Debug|x64
		{66D2A00E-F889-4B2F-9C40-04A32278FB86}.Debug|x64.Build.0 = Debug|x64
		{66D2A00E-F889-4B2F-9C40-04A32278FB86}.Debug|x86.ActiveCfg = Debug|x64
		{66D2A00E-F889-4B2F-9C40-04A32278FB86}.MonoDebug|Any CPU.ActiveCfg = Debug|x64
		{66D2A00E-F889-4B2F-9C40-04A32278FB86}.MonoDebug|Mixed Platforms.ActiveCfg = Debug|x64
		{66D2A00E-F889-4B2F-9C40-04A32278FB86}.MonoDebug|Mixed Platforms.Build.0 = Debug|x64
		{66D2A00E-F889-4B2F-9C40-04A32278FB86}.MonoDebug|x64.ActiveCfg = Debug|x64
		{66D2A00E-F889-4B2F-9C40-04A32278FB86}.MonoDebug|x64.Build.0 = Debug|x64
		{66D2A00E-F889-4B2F-9C40-04A32278FB86}.MonoDebug|x86.ActiveCfg = Debug|x64
		{66D2A00E-F889-4B2F-9C40-04A32278FB86}.MonoRelease|Any CPU.ActiveCfg = Release|x64
		{66D2A00E-F889-4B2F-9C40-04A32278FB86}.MonoRelease|Mixed Platforms.ActiveCfg = Release|x64
		{66D2A00E-F889-4B2F-9C40-04A32278FB86}.MonoRelease|Mixed Platforms.Build.0 = Release|x64
		{66D2A00E-F889-4B2F-9C40-04A32278FB86}.MonoRelease|x64.ActiveCfg = Release|x64
		{66D2A00E-F889-4B2F-9C40-04A32278FB86}.MonoRelease|x64.Build.0 = Release|x64
		{66D2A00E-F889-4B2F-9C40-04A32278FB86}.MonoRelease|x86.ActiveCfg = Release|x64
		{66D2A00E-F889-4B2F-9C40-04A32278FB86}.Release|Any CPU.ActiveCfg = Release|x64
		{66D2A00E-F889-4B2F-9C40-04A32278FB86}.Release|Mixed Platforms.ActiveCfg = Release|x64
		{66D2A00E-F889-4B2F-9C40-04A32278FB86}.Release|Mixed Platforms.Build.0 = Release|x64
		{66D2A00E-F889-4B2F-9C40-04A32278FB86}.Release|x64.ActiveCfg = Release|x64
		{66D2A00E-F889-4B2F-9C40-04A32278FB86}.Release|x64.Build.0 = Release|x64
		{66D2A00E-F889-4B2F-9C40-04A32278FB86}.Release|x86.ActiveCfg = Release|x64
		{66D2A00E-F889-4B2F-9C40-04A32278FB86}.Tracing|Any CPU.ActiveCfg = Release|x64
		{66D2A00E-F889-4B2F-9C40-04A32278FB86}.Tracing|Mixed Platforms.ActiveCfg = Release|x64
		{66D2A00E-F889-4B2F-9C40-04A32278FB86}.Tracing|Mixed Platforms.Build.0 = Release|x64
		{66D2A00E-F889-4B2F-9C40-04A32278FB86}.Tracing|x64.ActiveCfg = Release|x64
		{66D2A00E-F889-4B2F-9C40-04A32278FB86}.Tracing|x64.Build.0 = Release|x64
		{66D2A00E-F889-4B2F-9C40-04A32278FB86}.Tracing|x86.ActiveCfg = Release|x64
		{BBBAC58E-BE4A-4483-A4DF-5BF966865587}.Debug|Any CPU.ActiveCfg = Debug|x64
		{BBBAC58E-BE4A-4483-A4DF-5BF966865587}.Debug|Mixed Platforms.ActiveCfg = Debug|x64
		{BBBAC58E-BE4A-4483-A4DF-5BF966865587}.Debug|Mixed Platforms.Build.0 = Debug|x64
		{BBBAC58E-BE4A-4483-A4DF-5BF966865587}.Debug|x64.ActiveCfg = Debug|x64
		{BBBAC58E-BE4A-4483-A4DF-5BF966865587}.Debug|x64.Build.0 = Debug|x64
		{BBBAC58E-BE4A-4483-A4DF-5BF966865587}.Debug|x86.ActiveCfg = Debug|x64
		{BBBAC58E-BE4A-4483-A4DF-5BF966865587}.MonoDebug|Any CPU.ActiveCfg = Debug|x64
		{BBBAC58E-BE4A-4483-A4DF-5BF966865587}.MonoDebug|Mixed Platforms.ActiveCfg = Debug|x64
		{BBBAC58E-BE4A-4483-A4DF-5BF966865587}.MonoDebug|Mixed Platforms.Build.0 = Debug|x64
		{BBBAC58E-BE4A-4483-A4DF-5BF966865587}.MonoDebug|x64.ActiveCfg = Debug|x64
		{BBBAC58E-BE4A-4483-A4DF-5BF966865587}.MonoDebug|x64.Build.0 = Debug|x64
		{BBBAC58E-BE4A-4483-A4DF-5BF966865587}.MonoDebug|x86.ActiveCfg = Debug|x64
		{BBBAC58E-BE4A-4483-A4DF-5BF966865587}.MonoRelease|Any CPU.ActiveCfg = Release|x64
		{BBBAC58E-BE4A-4483-A4DF-5BF966865587}.MonoRelease|Mixed Platforms.ActiveCfg = Release|x64
		{BBBAC58E-BE4A-4483-A4DF-5BF966865587}.MonoRelease|Mixed Platforms.Build.0 = Release|x64
		{BBBAC58E-BE4A-4483-A4DF-5BF966865587}.MonoRelease|x64.ActiveCfg = Release|x64
		{BBBAC58E-BE4A-4483-A4DF-5BF966865587}.MonoRelease|x64.Build.0 = Release|x64
		{BBBAC58E-BE4A-4483-A4DF-5BF966865587}.MonoRelease|x86.ActiveCfg = Release|x64
		{BBBAC58E-BE4A-4483-A4DF-5BF966865587}.Release|Any CPU.ActiveCfg = Release|x64
		{BBBAC58E-BE4A-4483-A4DF-5BF966865587}.Release|Mixed Platforms.ActiveCfg = Release|x64
		{BBBAC58E-BE4A-4483-A4DF-5BF966865587}.Release|Mixed Platforms.Build.0 = Release|x64
		{BBBAC58E-BE4A-4483-A4DF-5BF966865587}.Release|x64.ActiveCfg = Release|x64
		{BBBAC58E-BE4A-4483-A4DF-5BF966865587}.Release|x64.Build.0 = Release|x64
		{BBBAC58E-BE4A-4483-A4DF-5BF966865587}.Release|x86.ActiveCfg = Release|x64
		{BBBAC58E-BE4A-4483-A4DF-5BF966865587}.Tracing|Any CPU.ActiveCfg = Release|x64
		{BBBAC58E-BE4A-4483-A4DF-5BF966865587}.Tracing|Mixed Platforms.ActiveCfg = Release|x64
		{BBBAC58E-BE4A-4483-A4DF-5BF966865587}.Tracing|Mixed Platforms.Build.0 = Release|x64
		{BBBAC58E-BE4A-4483-A4DF-5BF966865587}.Tracing|x64.ActiveCfg = Release|x64
		{BBBAC58E-BE4A-4483-A4DF-5BF966865587}.Tracing|x64.Build.0 = Release|x64
		{BBBAC58E-BE4A-4483-A4DF-5BF966865587}.Tracing|x86.ActiveCfg = Release|x64
		{5A2BDFC0-DAA9-42BE-A463-FD2D4F9D424E}.Debug|Any CPU.ActiveCfg = Debug|Any CPU
		{5A2BDFC0-DAA9-42BE-A463-FD2D4F9D424E}.Debug|Any CPU.Build.0 = Debug|Any CPU
		{5A2BDFC0-DAA9-42BE-A463-FD2D4F9D424E}.Debug|Mixed Platforms.ActiveCfg = Debug|Any CPU
		{5A2BDFC0-DAA9-42BE-A463-FD2D4F9D424E}.Debug|Mixed Platforms.Build.0 = Debug|Any CPU
		{5A2BDFC0-DAA9-42BE-A463-FD2D4F9D424E}.Debug|x64.ActiveCfg = Debug|Any CPU
		{5A2BDFC0-DAA9-42BE-A463-FD2D4F9D424E}.Debug|x86.ActiveCfg = Debug|Any CPU
		{5A2BDFC0-DAA9-42BE-A463-FD2D4F9D424E}.MonoDebug|Any CPU.ActiveCfg = Debug|Any CPU
		{5A2BDFC0-DAA9-42BE-A463-FD2D4F9D424E}.MonoDebug|Any CPU.Build.0 = Debug|Any CPU
		{5A2BDFC0-DAA9-42BE-A463-FD2D4F9D424E}.MonoDebug|Mixed Platforms.ActiveCfg = Debug|Any CPU
		{5A2BDFC0-DAA9-42BE-A463-FD2D4F9D424E}.MonoDebug|Mixed Platforms.Build.0 = Debug|Any CPU
		{5A2BDFC0-DAA9-42BE-A463-FD2D4F9D424E}.MonoDebug|x64.ActiveCfg = Debug|Any CPU
		{5A2BDFC0-DAA9-42BE-A463-FD2D4F9D424E}.MonoDebug|x86.ActiveCfg = Debug|Any CPU
		{5A2BDFC0-DAA9-42BE-A463-FD2D4F9D424E}.MonoRelease|Any CPU.ActiveCfg = Release|Any CPU
		{5A2BDFC0-DAA9-42BE-A463-FD2D4F9D424E}.MonoRelease|Any CPU.Build.0 = Release|Any CPU
		{5A2BDFC0-DAA9-42BE-A463-FD2D4F9D424E}.MonoRelease|Mixed Platforms.ActiveCfg = Release|Any CPU
		{5A2BDFC0-DAA9-42BE-A463-FD2D4F9D424E}.MonoRelease|Mixed Platforms.Build.0 = Release|Any CPU
		{5A2BDFC0-DAA9-42BE-A463-FD2D4F9D424E}.MonoRelease|x64.ActiveCfg = Release|Any CPU
		{5A2BDFC0-DAA9-42BE-A463-FD2D4F9D424E}.MonoRelease|x86.ActiveCfg = Release|Any CPU
		{5A2BDFC0-DAA9-42BE-A463-FD2D4F9D424E}.Release|Any CPU.ActiveCfg = Release|Any CPU
		{5A2BDFC0-DAA9-42BE-A463-FD2D4F9D424E}.Release|Any CPU.Build.0 = Release|Any CPU
		{5A2BDFC0-DAA9-42BE-A463-FD2D4F9D424E}.Release|Mixed Platforms.ActiveCfg = Release|Any CPU
		{5A2BDFC0-DAA9-42BE-A463-FD2D4F9D424E}.Release|Mixed Platforms.Build.0 = Release|Any CPU
		{5A2BDFC0-DAA9-42BE-A463-FD2D4F9D424E}.Release|x64.ActiveCfg = Release|x64
		{5A2BDFC0-DAA9-42BE-A463-FD2D4F9D424E}.Release|x64.Build.0 = Release|x64
		{5A2BDFC0-DAA9-42BE-A463-FD2D4F9D424E}.Release|x86.ActiveCfg = Release|Any CPU
		{5A2BDFC0-DAA9-42BE-A463-FD2D4F9D424E}.Tracing|Any CPU.ActiveCfg = Release|Any CPU
		{5A2BDFC0-DAA9-42BE-A463-FD2D4F9D424E}.Tracing|Any CPU.Build.0 = Release|Any CPU
		{5A2BDFC0-DAA9-42BE-A463-FD2D4F9D424E}.Tracing|Mixed Platforms.ActiveCfg = Release|Any CPU
		{5A2BDFC0-DAA9-42BE-A463-FD2D4F9D424E}.Tracing|Mixed Platforms.Build.0 = Release|Any CPU
		{5A2BDFC0-DAA9-42BE-A463-FD2D4F9D424E}.Tracing|x64.ActiveCfg = Release|Any CPU
		{5A2BDFC0-DAA9-42BE-A463-FD2D4F9D424E}.Tracing|x86.ActiveCfg = Release|Any CPU
		{543A8606-16B8-49EA-B8AC-11EB1824B51C}.Debug|Any CPU.ActiveCfg = Debug|Any CPU
		{543A8606-16B8-49EA-B8AC-11EB1824B51C}.Debug|Any CPU.Build.0 = Debug|Any CPU
		{543A8606-16B8-49EA-B8AC-11EB1824B51C}.Debug|Mixed Platforms.ActiveCfg = Debug|Any CPU
		{543A8606-16B8-49EA-B8AC-11EB1824B51C}.Debug|Mixed Platforms.Build.0 = Debug|Any CPU
		{543A8606-16B8-49EA-B8AC-11EB1824B51C}.Debug|x64.ActiveCfg = Debug|Any CPU
		{543A8606-16B8-49EA-B8AC-11EB1824B51C}.Debug|x86.ActiveCfg = Debug|Any CPU
		{543A8606-16B8-49EA-B8AC-11EB1824B51C}.MonoDebug|Any CPU.ActiveCfg = Debug|Any CPU
		{543A8606-16B8-49EA-B8AC-11EB1824B51C}.MonoDebug|Any CPU.Build.0 = Debug|Any CPU
		{543A8606-16B8-49EA-B8AC-11EB1824B51C}.MonoDebug|Mixed Platforms.ActiveCfg = Debug|Any CPU
		{543A8606-16B8-49EA-B8AC-11EB1824B51C}.MonoDebug|Mixed Platforms.Build.0 = Debug|Any CPU
		{543A8606-16B8-49EA-B8AC-11EB1824B51C}.MonoDebug|x64.ActiveCfg = Debug|Any CPU
		{543A8606-16B8-49EA-B8AC-11EB1824B51C}.MonoDebug|x86.ActiveCfg = Debug|Any CPU
		{543A8606-16B8-49EA-B8AC-11EB1824B51C}.MonoRelease|Any CPU.ActiveCfg = Release|Any CPU
		{543A8606-16B8-49EA-B8AC-11EB1824B51C}.MonoRelease|Any CPU.Build.0 = Release|Any CPU
		{543A8606-16B8-49EA-B8AC-11EB1824B51C}.MonoRelease|Mixed Platforms.ActiveCfg = Release|Any CPU
		{543A8606-16B8-49EA-B8AC-11EB1824B51C}.MonoRelease|Mixed Platforms.Build.0 = Release|Any CPU
		{543A8606-16B8-49EA-B8AC-11EB1824B51C}.MonoRelease|x64.ActiveCfg = Release|Any CPU
		{543A8606-16B8-49EA-B8AC-11EB1824B51C}.MonoRelease|x86.ActiveCfg = Release|Any CPU
		{543A8606-16B8-49EA-B8AC-11EB1824B51C}.Release|Any CPU.ActiveCfg = Release|Any CPU
		{543A8606-16B8-49EA-B8AC-11EB1824B51C}.Release|Any CPU.Build.0 = Release|Any CPU
		{543A8606-16B8-49EA-B8AC-11EB1824B51C}.Release|Mixed Platforms.ActiveCfg = Release|Any CPU
		{543A8606-16B8-49EA-B8AC-11EB1824B51C}.Release|Mixed Platforms.Build.0 = Release|Any CPU
		{543A8606-16B8-49EA-B8AC-11EB1824B51C}.Release|x64.ActiveCfg = Release|x64
		{543A8606-16B8-49EA-B8AC-11EB1824B51C}.Release|x64.Build.0 = Release|x64
		{543A8606-16B8-49EA-B8AC-11EB1824B51C}.Release|x86.ActiveCfg = Release|Any CPU
		{543A8606-16B8-49EA-B8AC-11EB1824B51C}.Tracing|Any CPU.ActiveCfg = Release|Any CPU
		{543A8606-16B8-49EA-B8AC-11EB1824B51C}.Tracing|Any CPU.Build.0 = Release|Any CPU
		{543A8606-16B8-49EA-B8AC-11EB1824B51C}.Tracing|Mixed Platforms.ActiveCfg = Release|Any CPU
		{543A8606-16B8-49EA-B8AC-11EB1824B51C}.Tracing|Mixed Platforms.Build.0 = Release|Any CPU
		{543A8606-16B8-49EA-B8AC-11EB1824B51C}.Tracing|x64.ActiveCfg = Release|Any CPU
		{543A8606-16B8-49EA-B8AC-11EB1824B51C}.Tracing|x86.ActiveCfg = Release|Any CPU
		{A8454E23-D558-4508-B407-164091C68B54}.Debug|Any CPU.ActiveCfg = Debug|Any CPU
		{A8454E23-D558-4508-B407-164091C68B54}.Debug|Any CPU.Build.0 = Debug|Any CPU
		{A8454E23-D558-4508-B407-164091C68B54}.Debug|Mixed Platforms.ActiveCfg = Debug|Any CPU
		{A8454E23-D558-4508-B407-164091C68B54}.Debug|Mixed Platforms.Build.0 = Debug|Any CPU
		{A8454E23-D558-4508-B407-164091C68B54}.Debug|x64.ActiveCfg = Debug|x64
		{A8454E23-D558-4508-B407-164091C68B54}.Debug|x64.Build.0 = Debug|x64
		{A8454E23-D558-4508-B407-164091C68B54}.Debug|x86.ActiveCfg = Debug|Any CPU
		{A8454E23-D558-4508-B407-164091C68B54}.MonoDebug|Any CPU.ActiveCfg = Debug|Any CPU
		{A8454E23-D558-4508-B407-164091C68B54}.MonoDebug|Any CPU.Build.0 = Debug|Any CPU
		{A8454E23-D558-4508-B407-164091C68B54}.MonoDebug|Mixed Platforms.ActiveCfg = Debug|Any CPU
		{A8454E23-D558-4508-B407-164091C68B54}.MonoDebug|Mixed Platforms.Build.0 = Debug|Any CPU
		{A8454E23-D558-4508-B407-164091C68B54}.MonoDebug|x64.ActiveCfg = Debug|x64
		{A8454E23-D558-4508-B407-164091C68B54}.MonoDebug|x64.Build.0 = Debug|x64
		{A8454E23-D558-4508-B407-164091C68B54}.MonoDebug|x86.ActiveCfg = Debug|Any CPU
		{A8454E23-D558-4508-B407-164091C68B54}.MonoRelease|Any CPU.ActiveCfg = Release|Any CPU
		{A8454E23-D558-4508-B407-164091C68B54}.MonoRelease|Any CPU.Build.0 = Release|Any CPU
		{A8454E23-D558-4508-B407-164091C68B54}.MonoRelease|Mixed Platforms.ActiveCfg = Release|Any CPU
		{A8454E23-D558-4508-B407-164091C68B54}.MonoRelease|Mixed Platforms.Build.0 = Release|Any CPU
		{A8454E23-D558-4508-B407-164091C68B54}.MonoRelease|x64.ActiveCfg = Release|x64
		{A8454E23-D558-4508-B407-164091C68B54}.MonoRelease|x64.Build.0 = Release|x64
		{A8454E23-D558-4508-B407-164091C68B54}.MonoRelease|x86.ActiveCfg = Release|Any CPU
		{A8454E23-D558-4508-B407-164091C68B54}.Release|Any CPU.ActiveCfg = Release|Any CPU
		{A8454E23-D558-4508-B407-164091C68B54}.Release|Any CPU.Build.0 = Release|Any CPU
		{A8454E23-D558-4508-B407-164091C68B54}.Release|Mixed Platforms.ActiveCfg = Release|Any CPU
		{A8454E23-D558-4508-B407-164091C68B54}.Release|Mixed Platforms.Build.0 = Release|Any CPU
		{A8454E23-D558-4508-B407-164091C68B54}.Release|x64.ActiveCfg = Release|x64
		{A8454E23-D558-4508-B407-164091C68B54}.Release|x64.Build.0 = Release|x64
		{A8454E23-D558-4508-B407-164091C68B54}.Release|x86.ActiveCfg = Release|Any CPU
		{A8454E23-D558-4508-B407-164091C68B54}.Tracing|Any CPU.ActiveCfg = Release|Any CPU
		{A8454E23-D558-4508-B407-164091C68B54}.Tracing|Any CPU.Build.0 = Release|Any CPU
		{A8454E23-D558-4508-B407-164091C68B54}.Tracing|Mixed Platforms.ActiveCfg = Release|Any CPU
		{A8454E23-D558-4508-B407-164091C68B54}.Tracing|Mixed Platforms.Build.0 = Release|Any CPU
		{A8454E23-D558-4508-B407-164091C68B54}.Tracing|x64.ActiveCfg = Release|x64
		{A8454E23-D558-4508-B407-164091C68B54}.Tracing|x64.Build.0 = Release|x64
		{A8454E23-D558-4508-B407-164091C68B54}.Tracing|x86.ActiveCfg = Release|Any CPU
	EndGlobalSection
	GlobalSection(SolutionProperties) = preSolution
		HideSolutionNode = FALSE
	EndGlobalSection
	GlobalSection(NestedProjects) = preSolution
		{A6BEE749-A036-4A34-80CD-689C496D1A56} = {F9A9EDB5-BA4A-4FC6-AC09-CD88F30795D8}
		{BDC6546C-7BA0-472B-B260-0D596B6152E4} = {F9A9EDB5-BA4A-4FC6-AC09-CD88F30795D8}
		{E2347F7A-DDB2-4CCD-8A37-44202D7BBAA7} = {F9A9EDB5-BA4A-4FC6-AC09-CD88F30795D8}
		{EBA3D350-41EB-474C-AED9-9CFD1F809DE3} = {F9A9EDB5-BA4A-4FC6-AC09-CD88F30795D8}
		{5CFC93F6-68C3-45B5-92FA-43F8626EC482} = {F9A9EDB5-BA4A-4FC6-AC09-CD88F30795D8}
		{0DCA9543-FF9D-48D6-9748-A966DC39C35D} = {F9A9EDB5-BA4A-4FC6-AC09-CD88F30795D8}
		{66D2A00E-F889-4B2F-9C40-04A32278FB86} = {F9A9EDB5-BA4A-4FC6-AC09-CD88F30795D8}
		{5A2BDFC0-DAA9-42BE-A463-FD2D4F9D424E} = {F9A9EDB5-BA4A-4FC6-AC09-CD88F30795D8}
	EndGlobalSection
EndGlobal
